
Microsoft Visual Studio Solution File, Format Version 12.00
# Visual Studio Version 16
VisualStudioVersion = 16.0.31129.286
MinimumVisualStudioVersion = 10.0.40219.1
Project("{FAE04EC0-301F-11D3-BF4B-00C04F79EFBC}") = "PENDULUM_console", "PENDULUM_console.csproj", "{54D709DA-B315-4C43-9533-06E2DD7E2AD7}"
EndProject
Global
	GlobalSection(SolutionConfigurationPlatforms) = preSolution
		Debug|Any CPU = Debug|Any CPU
		Release|Any CPU = Release|Any CPU
	EndGlobalSection
	GlobalSection(ProjectConfigurationPlatforms) = postSolution
		{54D709DA-B315-4C43-9533-06E2DD7E2AD7}.Debug|Any CPU.ActiveCfg = Debug|Any CPU
		{54D709DA-B315-4C43-9533-06E2DD7E2AD7}.Debug|Any CPU.Build.0 = Debug|Any CPU
		{54D709DA-B315-4C43-9533-06E2DD7E2AD7}.Release|Any CPU.ActiveCfg = Release|Any CPU
		{54D709DA-B315-4C43-9533-06E2DD7E2AD7}.Release|Any CPU.Build.0 = Release|Any CPU
	EndGlobalSection
	GlobalSection(SolutionProperties) = preSolution
		HideSolutionNode = FALSE
	EndGlobalSection
	GlobalSection(ExtensibilityGlobals) = postSolution
		SolutionGuid = {93DF9154-5F36-4C87-931E-43B59AEF1C73}
	EndGlobalSection
EndGlobal
